// !$*UTF8*$!
{
	archiveVersion = 1;
	classes = {
	};
	objectVersion = 46;
	objects = {

/* Begin PBXBuildFile section */
		4E5E1E271F69278400D7C607 /* main.m in Sources */ = {isa = PBXBuildFile; fileRef = 4E5E1E261F69278400D7C607 /* main.m */; };
		4E5E1E2A1F69278400D7C607 /* AppDelegate.m in Sources */ = {isa = PBXBuildFile; fileRef = 4E5E1E291F69278400D7C607 /* AppDelegate.m */; };
		4E5E1E2D1F69278400D7C607 /* ViewController.m in Sources */ = {isa = PBXBuildFile; fileRef = 4E5E1E2C1F69278400D7C607 /* ViewController.m */; };
		4E5E1E301F69278400D7C607 /* Main.storyboard in Resources */ = {isa = PBXBuildFile; fileRef = 4E5E1E2E1F69278400D7C607 /* Main.storyboard */; };
		4E5E1E321F69278400D7C607 /* Assets.xcassets in Resources */ = {isa = PBXBuildFile; fileRef = 4E5E1E311F69278400D7C607 /* Assets.xcassets */; };
		4E5E1E351F69278400D7C607 /* LaunchScreen.storyboard in Resources */ = {isa = PBXBuildFile; fileRef = 4E5E1E331F69278400D7C607 /* LaunchScreen.storyboard */; };
		4E5E1E401F69278400D7C607 /* PListAppOMTests.m in Sources */ = {isa = PBXBuildFile; fileRef = 4E5E1E3F1F69278400D7C607 /* PListAppOMTests.m */; };
		4E5E1E4B1F69278400D7C607 /* PListAppOMUITests.m in Sources */ = {isa = PBXBuildFile; fileRef = 4E5E1E4A1F69278400D7C607 /* PListAppOMUITests.m */; };
		4E5E1E5B1F6928A600D7C607 /* record.plist in Resources */ = {isa = PBXBuildFile; fileRef = 4E5E1E5A1F6928A600D7C607 /* record.plist */; };
		4E5E1E651F6933AD00D7C607 /* Banana.jpg in Resources */ = {isa = PBXBuildFile; fileRef = 4E5E1E5E1F6933AD00D7C607 /* Banana.jpg */; };
		4E5E1E661F6933AD00D7C607 /* creme_brelee.jpg in Resources */ = {isa = PBXBuildFile; fileRef = 4E5E1E5F1F6933AD00D7C607 /* creme_brelee.jpg */; };
		4E5E1E671F6933AD00D7C607 /* egg_benedict.jpg in Resources */ = {isa = PBXBuildFile; fileRef = 4E5E1E601F6933AD00D7C607 /* egg_benedict.jpg */; };
		4E5E1E681F6933AD00D7C607 /* full_breakfast.jpg in Resources */ = {isa = PBXBuildFile; fileRef = 4E5E1E611F6933AD00D7C607 /* full_breakfast.jpg */; };
		4E5E1E691F6933AD00D7C607 /* ham_and_egg_sandwich.jpg in Resources */ = {isa = PBXBuildFile; fileRef = 4E5E1E621F6933AD00D7C607 /* ham_and_egg_sandwich.jpg */; };
		4E5E1E6A1F6933AD00D7C607 /* hamburger.jpg in Resources */ = {isa = PBXBuildFile; fileRef = 4E5E1E631F6933AD00D7C607 /* hamburger.jpg */; };
		4E5E1E6B1F6933AD00D7C607 /* mushroom_risotto.jpg in Resources */ = {isa = PBXBuildFile; fileRef = 4E5E1E641F6933AD00D7C607 /* mushroom_risotto.jpg */; };
		4E5E1E6F1F69354400D7C607 /* MyTableViewCell.m in Sources */ = {isa = PBXBuildFile; fileRef = 4E5E1E6D1F69354400D7C607 /* MyTableViewCell.m */; };
		4E5E1E701F69354400D7C607 /* MyTableViewCell.xib in Resources */ = {isa = PBXBuildFile; fileRef = 4E5E1E6E1F69354400D7C607 /* MyTableViewCell.xib */; };
/* End PBXBuildFile section */

/* Begin PBXContainerItemProxy section */
		4E5E1E3C1F69278400D7C607 /* PBXContainerItemProxy */ = {
			isa = PBXContainerItemProxy;
			containerPortal = 4E5E1E1A1F69278400D7C607 /* Project object */;
			proxyType = 1;
			remoteGlobalIDString = 4E5E1E211F69278400D7C607;
			remoteInfo = PListAppOM;
		};
		4E5E1E471F69278400D7C607 /* PBXContainerItemProxy */ = {
			isa = PBXContainerItemProxy;
			containerPortal = 4E5E1E1A1F69278400D7C607 /* Project object */;
			proxyType = 1;
			remoteGlobalIDString = 4E5E1E211F69278400D7C607;
			remoteInfo = PListAppOM;
		};
/* End PBXContainerItemProxy section */

/* Begin PBXFileReference section */
		4E5E1E221F69278400D7C607 /* PListAppOM.app */ = {isa = PBXFileReference; explicitFileType = wrapper.application; includeInIndex = 0; path = PListAppOM.app; sourceTree = BUILT_PRODUCTS_DIR; };
		4E5E1E261F69278400D7C607 /* main.m */ = {isa = PBXFileReference; lastKnownFileType = sourcecode.c.objc; path = main.m; sourceTree = "<group>"; };
		4E5E1E281F69278400D7C607 /* AppDelegate.h */ = {isa = PBXFileReference; lastKnownFileType = sourcecode.c.h; path = AppDelegate.h; sourceTree = "<group>"; };
		4E5E1E291F69278400D7C607 /* AppDelegate.m */ = {isa = PBXFileReference; lastKnownFileType = sourcecode.c.objc; path = AppDelegate.m; sourceTree = "<group>"; };
		4E5E1E2B1F69278400D7C607 /* ViewController.h */ = {isa = PBXFileReference; lastKnownFileType = sourcecode.c.h; path = ViewController.h; sourceTree = "<group>"; };
		4E5E1E2C1F69278400D7C607 /* ViewController.m */ = {isa = PBXFileReference; lastKnownFileType = sourcecode.c.objc; path = ViewController.m; sourceTree = "<group>"; };
		4E5E1E2F1F69278400D7C607 /* Base */ = {isa = PBXFileReference; lastKnownFileType = file.storyboard; name = Base; path = Base.lproj/Main.storyboard; sourceTree = "<group>"; };
		4E5E1E311F69278400D7C607 /* Assets.xcassets */ = {isa = PBXFileReference; lastKnownFileType = folder.assetcatalog; path = Assets.xcassets; sourceTree = "<group>"; };
		4E5E1E341F69278400D7C607 /* Base */ = {isa = PBXFileReference; lastKnownFileType = file.storyboard; name = Base; path = Base.lproj/LaunchScreen.storyboard; sourceTree = "<group>"; };
		4E5E1E361F69278400D7C607 /* Info.plist */ = {isa = PBXFileReference; lastKnownFileType = text.plist.xml; path = Info.plist; sourceTree = "<group>"; };
		4E5E1E3B1F69278400D7C607 /* PListAppOMTests.xctest */ = {isa = PBXFileReference; explicitFileType = wrapper.cfbundle; includeInIndex = 0; path = PListAppOMTests.xctest; sourceTree = BUILT_PRODUCTS_DIR; };
		4E5E1E3F1F69278400D7C607 /* PListAppOMTests.m */ = {isa = PBXFileReference; lastKnownFileType = sourcecode.c.objc; path = PListAppOMTests.m; sourceTree = "<group>"; };
		4E5E1E411F69278400D7C607 /* Info.plist */ = {isa = PBXFileReference; lastKnownFileType = text.plist.xml; path = Info.plist; sourceTree = "<group>"; };
		4E5E1E461F69278400D7C607 /* PListAppOMUITests.xctest */ = {isa = PBXFileReference; explicitFileType = wrapper.cfbundle; includeInIndex = 0; path = PListAppOMUITests.xctest; sourceTree = BUILT_PRODUCTS_DIR; };
		4E5E1E4A1F69278400D7C607 /* PListAppOMUITests.m */ = {isa = PBXFileReference; lastKnownFileType = sourcecode.c.objc; path = PListAppOMUITests.m; sourceTree = "<group>"; };
		4E5E1E4C1F69278400D7C607 /* Info.plist */ = {isa = PBXFileReference; lastKnownFileType = text.plist.xml; path = Info.plist; sourceTree = "<group>"; };
		4E5E1E5A1F6928A600D7C607 /* record.plist */ = {isa = PBXFileReference; fileEncoding = 4; lastKnownFileType = text.plist.xml; path = record.plist; sourceTree = "<group>"; };
		4E5E1E5E1F6933AD00D7C607 /* Banana.jpg */ = {isa = PBXFileReference; lastKnownFileType = image.jpeg; name = Banana.jpg; path = ../../../CustomTableViewCell_Sample/CustomTableViewCell_Sample/Banana.jpg; sourceTree = "<group>"; };
		4E5E1E5F1F6933AD00D7C607 /* creme_brelee.jpg */ = {isa = PBXFileReference; lastKnownFileType = image.jpeg; name = creme_brelee.jpg; path = ../../../CustomTableViewCell_Sample/CustomTableViewCell_Sample/creme_brelee.jpg; sourceTree = "<group>"; };
		4E5E1E601F6933AD00D7C607 /* egg_benedict.jpg */ = {isa = PBXFileReference; lastKnownFileType = image.jpeg; name = egg_benedict.jpg; path = ../../../CustomTableViewCell_Sample/CustomTableViewCell_Sample/egg_benedict.jpg; sourceTree = "<group>"; };
		4E5E1E611F6933AD00D7C607 /* full_breakfast.jpg */ = {isa = PBXFileReference; lastKnownFileType = image.jpeg; name = full_breakfast.jpg; path = ../../../CustomTableViewCell_Sample/CustomTableViewCell_Sample/full_breakfast.jpg; sourceTree = "<group>"; };
		4E5E1E621F6933AD00D7C607 /* ham_and_egg_sandwich.jpg */ = {isa = PBXFileReference; lastKnownFileType = image.jpeg; name = ham_and_egg_sandwich.jpg; path = ../../../CustomTableViewCell_Sample/CustomTableViewCell_Sample/ham_and_egg_sandwich.jpg; sourceTree = "<group>"; };
		4E5E1E631F6933AD00D7C607 /* hamburger.jpg */ = {isa = PBXFileReference; lastKnownFileType = image.jpeg; name = hamburger.jpg; path = ../../../CustomTableViewCell_Sample/CustomTableViewCell_Sample/hamburger.jpg; sourceTree = "<group>"; };
		4E5E1E641F6933AD00D7C607 /* mushroom_risotto.jpg */ = {isa = PBXFileReference; lastKnownFileType = image.jpeg; name = mushroom_risotto.jpg; path = ../../../CustomTableViewCell_Sample/CustomTableViewCell_Sample/mushroom_risotto.jpg; sourceTree = "<group>"; };
		4E5E1E6C1F69354400D7C607 /* MyTableViewCell.h */ = {isa = PBXFileReference; fileEncoding = 4; lastKnownFileType = sourcecode.c.h; path = MyTableViewCell.h; sourceTree = "<group>"; };
		4E5E1E6D1F69354400D7C607 /* MyTableViewCell.m */ = {isa = PBXFileReference; fileEncoding = 4; lastKnownFileType = sourcecode.c.objc; path = MyTableViewCell.m; sourceTree = "<group>"; };
		4E5E1E6E1F69354400D7C607 /* MyTableViewCell.xib */ = {isa = PBXFileReference; fileEncoding = 4; lastKnownFileType = file.xib; path = MyTableViewCell.xib; sourceTree = "<group>"; };
/* End PBXFileReference section */

/* Begin PBXFrameworksBuildPhase section */
		4E5E1E1F1F69278400D7C607 /* Frameworks */ = {
			isa = PBXFrameworksBuildPhase;
			buildActionMask = 2147483647;
			files = (
			);
			runOnlyForDeploymentPostprocessing = 0;
		};
		4E5E1E381F69278400D7C607 /* Frameworks */ = {
			isa = PBXFrameworksBuildPhase;
			buildActionMask = 2147483647;
			files = (
			);
			runOnlyForDeploymentPostprocessing = 0;
		};
		4E5E1E431F69278400D7C607 /* Frameworks */ = {
			isa = PBXFrameworksBuildPhase;
			buildActionMask = 2147483647;
			files = (
			);
			runOnlyForDeploymentPostprocessing = 0;
		};
/* End PBXFrameworksBuildPhase section */

/* Begin PBXGroup section */
		4E5E1E191F69278400D7C607 = {
			isa = PBXGroup;
			children = (
				4E5E1E241F69278400D7C607 /* PListAppOM */,
				4E5E1E3E1F69278400D7C607 /* PListAppOMTests */,
				4E5E1E491F69278400D7C607 /* PListAppOMUITests */,
				4E5E1E231F69278400D7C607 /* Products */,
			);
			sourceTree = "<group>";
		};
		4E5E1E231F69278400D7C607 /* Products */ = {
			isa = PBXGroup;
			children = (
				4E5E1E221F69278400D7C607 /* PListAppOM.app */,
				4E5E1E3B1F69278400D7C607 /* PListAppOMTests.xctest */,
				4E5E1E461F69278400D7C607 /* PListAppOMUITests.xctest */,
			);
			name = Products;
			sourceTree = "<group>";
		};
		4E5E1E241F69278400D7C607 /* PListAppOM */ = {
			isa = PBXGroup;
			children = (
				4E5E1E5E1F6933AD00D7C607 /* Banana.jpg */,
				4E5E1E5F1F6933AD00D7C607 /* creme_brelee.jpg */,
				4E5E1E601F6933AD00D7C607 /* egg_benedict.jpg */,
				4E5E1E611F6933AD00D7C607 /* full_breakfast.jpg */,
				4E5E1E621F6933AD00D7C607 /* ham_and_egg_sandwich.jpg */,
				4E5E1E631F6933AD00D7C607 /* hamburger.jpg */,
				4E5E1E641F6933AD00D7C607 /* mushroom_risotto.jpg */,
				4E5E1E281F69278400D7C607 /* AppDelegate.h */,
				4E5E1E291F69278400D7C607 /* AppDelegate.m */,
				4E5E1E2B1F69278400D7C607 /* ViewController.h */,
				4E5E1E2C1F69278400D7C607 /* ViewController.m */,
				4E5E1E2E1F69278400D7C607 /* Main.storyboard */,
				4E5E1E311F69278400D7C607 /* Assets.xcassets */,
				4E5E1E331F69278400D7C607 /* LaunchScreen.storyboard */,
				4E5E1E361F69278400D7C607 /* Info.plist */,
				4E5E1E251F69278400D7C607 /* Supporting Files */,
				4E5E1E5A1F6928A600D7C607 /* record.plist */,
				4E5E1E6C1F69354400D7C607 /* MyTableViewCell.h */,
				4E5E1E6D1F69354400D7C607 /* MyTableViewCell.m */,
				4E5E1E6E1F69354400D7C607 /* MyTableViewCell.xib */,
			);
			path = PListAppOM;
			sourceTree = "<group>";
		};
		4E5E1E251F69278400D7C607 /* Supporting Files */ = {
			isa = PBXGroup;
			children = (
				4E5E1E261F69278400D7C607 /* main.m */,
			);
			name = "Supporting Files";
			sourceTree = "<group>";
		};
		4E5E1E3E1F69278400D7C607 /* PListAppOMTests */ = {
			isa = PBXGroup;
			children = (
				4E5E1E3F1F69278400D7C607 /* PListAppOMTests.m */,
				4E5E1E411F69278400D7C607 /* Info.plist */,
			);
			path = PListAppOMTests;
			sourceTree = "<group>";
		};
		4E5E1E491F69278400D7C607 /* PListAppOMUITests */ = {
			isa = PBXGroup;
			children = (
				4E5E1E4A1F69278400D7C607 /* PListAppOMUITests.m */,
				4E5E1E4C1F69278400D7C607 /* Info.plist */,
			);
			path = PListAppOMUITests;
			sourceTree = "<group>";
		};
/* End PBXGroup section */

/* Begin PBXNativeTarget section */
		4E5E1E211F69278400D7C607 /* PListAppOM */ = {
			isa = PBXNativeTarget;
			buildConfigurationList = 4E5E1E4F1F69278400D7C607 /* Build configuration list for PBXNativeTarget "PListAppOM" */;
			buildPhases = (
				4E5E1E1E1F69278400D7C607 /* Sources */,
				4E5E1E1F1F69278400D7C607 /* Frameworks */,
				4E5E1E201F69278400D7C607 /* Resources */,
			);
			buildRules = (
			);
			dependencies = (
			);
			name = PListAppOM;
			productName = PListAppOM;
			productReference = 4E5E1E221F69278400D7C607 /* PListAppOM.app */;
			productType = "com.apple.product-type.application";
		};
		4E5E1E3A1F69278400D7C607 /* PListAppOMTests */ = {
			isa = PBXNativeTarget;
			buildConfigurationList = 4E5E1E521F69278400D7C607 /* Build configuration list for PBXNativeTarget "PListAppOMTests" */;
			buildPhases = (
				4E5E1E371F69278400D7C607 /* Sources */,
				4E5E1E381F69278400D7C607 /* Frameworks */,
				4E5E1E391F69278400D7C607 /* Resources */,
			);
			buildRules = (
			);
			dependencies = (
				4E5E1E3D1F69278400D7C607 /* PBXTargetDependency */,
			);
			name = PListAppOMTests;
			productName = PListAppOMTests;
			productReference = 4E5E1E3B1F69278400D7C607 /* PListAppOMTests.xctest */;
			productType = "com.apple.product-type.bundle.unit-test";
		};
		4E5E1E451F69278400D7C607 /* PListAppOMUITests */ = {
			isa = PBXNativeTarget;
			buildConfigurationList = 4E5E1E551F69278400D7C607 /* Build configuration list for PBXNativeTarget "PListAppOMUITests" */;
			buildPhases = (
				4E5E1E421F69278400D7C607 /* Sources */,
				4E5E1E431F69278400D7C607 /* Frameworks */,
				4E5E1E441F69278400D7C607 /* Resources */,
			);
			buildRules = (
			);
			dependencies = (
				4E5E1E481F69278400D7C607 /* PBXTargetDependency */,
			);
			name = PListAppOMUITests;
			productName = PListAppOMUITests;
			productReference = 4E5E1E461F69278400D7C607 /* PListAppOMUITests.xctest */;
			productType = "com.apple.product-type.bundle.ui-testing";
		};
/* End PBXNativeTarget section */

/* Begin PBXProject section */
		4E5E1E1A1F69278400D7C607 /* Project object */ = {
			isa = PBXProject;
			attributes = {
				LastUpgradeCheck = 0810;
				ORGANIZATIONNAME = Glbitm;
				TargetAttributes = {
					4E5E1E211F69278400D7C607 = {
						CreatedOnToolsVersion = 8.1;
						ProvisioningStyle = Automatic;
					};
					4E5E1E3A1F69278400D7C607 = {
						CreatedOnToolsVersion = 8.1;
						ProvisioningStyle = Automatic;
						TestTargetID = 4E5E1E211F69278400D7C607;
					};
					4E5E1E451F69278400D7C607 = {
						CreatedOnToolsVersion = 8.1;
						ProvisioningStyle = Automatic;
						TestTargetID = 4E5E1E211F69278400D7C607;
					};
				};
			};
			buildConfigurationList = 4E5E1E1D1F69278400D7C607 /* Build configuration list for PBXProject "PListAppOM" */;
			compatibilityVersion = "Xcode 3.2";
			developmentRegion = English;
			hasScannedForEncodings = 0;
			knownRegions = (
				en,
				Base,
			);
			mainGroup = 4E5E1E191F69278400D7C607;
			productRefGroup = 4E5E1E231F69278400D7C607 /* Products */;
			projectDirPath = "";
			projectRoot = "";
			targets = (
				4E5E1E211F69278400D7C607 /* PListAppOM */,
				4E5E1E3A1F69278400D7C607 /* PListAppOMTests */,
				4E5E1E451F69278400D7C607 /* PListAppOMUITests */,
			);
		};
/* End PBXProject section */

/* Begin PBXResourcesBuildPhase section */
		4E5E1E201F69278400D7C607 /* Resources */ = {
			isa = PBXResourcesBuildPhase;
			buildActionMask = 2147483647;
			files = (
				4E5E1E351F69278400D7C607 /* LaunchScreen.storyboard in Resources */,
				4E5E1E701F69354400D7C607 /* MyTableViewCell.xib in Resources */,
				4E5E1E5B1F6928A600D7C607 /* record.plist in Resources */,
				4E5E1E651F6933AD00D7C607 /* Banana.jpg in Resources */,
				4E5E1E321F69278400D7C607 /* Assets.xcassets in Resources */,
				4E5E1E691F6933AD00D7C607 /* ham_and_egg_sandwich.jpg in Resources */,
				4E5E1E301F69278400D7C607 /* Main.storyboard in Resources */,
				4E5E1E671F6933AD00D7C607 /* egg_benedict.jpg in Resources */,
				4E5E1E6B1F6933AD00D7C607 /* mushroom_risotto.jpg in Resources */,
				4E5E1E681F6933AD00D7C607 /* full_breakfast.jpg in Resources */,
				4E5E1E661F6933AD00D7C607 /* creme_brelee.jpg in Resources */,
				4E5E1E6A1F6933AD00D7C607 /* hamburger.jpg in Resources */,
			);
			runOnlyForDeploymentPostprocessing = 0;
		};
		4E5E1E391F69278400D7C607 /* Resources */ = {
			isa = PBXResourcesBuildPhase;
			buildActionMask = 2147483647;
			files = (
			);
			runOnlyForDeploymentPostprocessing = 0;
		};
		4E5E1E441F69278400D7C607 /* Resources */ = {
			isa = PBXResourcesBuildPhase;
			buildActionMask = 2147483647;
			files = (
			);
			runOnlyForDeploymentPostprocessing = 0;
		};
/* End PBXResourcesBuildPhase section */

/* Begin PBXSourcesBuildPhase section */
		4E5E1E1E1F69278400D7C607 /* Sources */ = {
			isa = PBXSourcesBuildPhase;
			buildActionMask = 2147483647;
			files = (
				4E5E1E2D1F69278400D7C607 /* ViewController.m in Sources */,
				4E5E1E6F1F69354400D7C607 /* MyTableViewCell.m in Sources */,
				4E5E1E2A1F69278400D7C607 /* AppDelegate.m in Sources */,
				4E5E1E271F69278400D7C607 /* main.m in Sources */,
			);
			runOnlyForDeploymentPostprocessing = 0;
		};
		4E5E1E371F69278400D7C607 /* Sources */ = {
			isa = PBXSourcesBuildPhase;
			buildActionMask = 2147483647;
			files = (
				4E5E1E401F69278400D7C607 /* PListAppOMTests.m in Sources */,
			);
			runOnlyForDeploymentPostprocessing = 0;
		};
		4E5E1E421F69278400D7C607 /* Sources */ = {
			isa = PBXSourcesBuildPhase;
			buildActionMask = 2147483647;
			files = (
				4E5E1E4B1F69278400D7C607 /* PListAppOMUITests.m in Sources */,
			);
			runOnlyForDeploymentPostprocessing = 0;
		};
/* End PBXSourcesBuildPhase section */

/* Begin PBXTargetDependency section */
		4E5E1E3D1F69278400D7C607 /* PBXTargetDependency */ = {
			isa = PBXTargetDependency;
			target = 4E5E1E211F69278400D7C607 /* PListAppOM */;
			targetProxy = 4E5E1E3C1F69278400D7C607 /* PBXContainerItemProxy */;
		};
		4E5E1E481F69278400D7C607 /* PBXTargetDependency */ = {
			isa = PBXTargetDependency;
			target = 4E5E1E211F69278400D7C607 /* PListAppOM */;
			targetProxy = 4E5E1E471F69278400D7C607 /* PBXContainerItemProxy */;
		};
/* End PBXTargetDependency section */

/* Begin PBXVariantGroup section */
		4E5E1E2E1F69278400D7C607 /* Main.storyboard */ = {
			isa = PBXVariantGroup;
			children = (
				4E5E1E2F1F69278400D7C607 /* Base */,
			);
			name = Main.storyboard;
			sourceTree = "<group>";
		};
		4E5E1E331F69278400D7C607 /* LaunchScreen.storyboard */ = {
			isa = PBXVariantGroup;
			children = (
				4E5E1E341F69278400D7C607 /* Base */,
			);
			name = LaunchScreen.storyboard;
			sourceTree = "<group>";
		};
/* End PBXVariantGroup section */

/* Begin XCBuildConfiguration section */
		4E5E1E4D1F69278400D7C607 /* Debug */ = {
			isa = XCBuildConfiguration;
			buildSettings = {
				ALWAYS_SEARCH_USER_PATHS = NO;
				CLANG_ANALYZER_NONNULL = YES;
				CLANG_CXX_LANGUAGE_STANDARD = "gnu++0x";
				CLANG_CXX_LIBRARY = "libc++";
				CLANG_ENABLE_MODULES = YES;
				CLANG_ENABLE_OBJC_ARC = YES;
				CLANG_WARN_BOOL_CONVERSION = YES;
				CLANG_WARN_CONSTANT_CONVERSION = YES;
				CLANG_WARN_DIRECT_OBJC_ISA_USAGE = YES_ERROR;
				CLANG_WARN_DOCUMENTATION_COMMENTS = YES;
				CLANG_WARN_EMPTY_BODY = YES;
				CLANG_WARN_ENUM_CONVERSION = YES;
				CLANG_WARN_INFINITE_RECURSION = YES;
				CLANG_WARN_INT_CONVERSION = YES;
				CLANG_WARN_OBJC_ROOT_CLASS = YES_ERROR;
				CLANG_WARN_SUSPICIOUS_MOVES = YES;
				CLANG_WARN_UNREACHABLE_CODE = YES;
				CLANG_WARN__DUPLICATE_METHOD_MATCH = YES;
				"CODE_SIGN_IDENTITY[sdk=iphoneos*]" = "iPhone Developer";
				COPY_PHASE_STRIP = NO;
				DEBUG_INFORMATION_FORMAT = dwarf;
				ENABLE_STRICT_OBJC_MSGSEND = YES;
				ENABLE_TESTABILITY = YES;
				GCC_C_LANGUAGE_STANDARD = gnu99;
				GCC_DYNAMIC_NO_PIC = NO;
				GCC_NO_COMMON_BLOCKS = YES;
				GCC_OPTIMIZATION_LEVEL = 0;
				GCC_PREPROCESSOR_DEFINITIONS = (
					"DEBUG=1",
					"$(inherited)",
				);
				GCC_WARN_64_TO_32_BIT_CONVERSION = YES;
				GCC_WARN_ABOUT_RETURN_TYPE = YES_ERROR;
				GCC_WARN_UNDECLARED_SELECTOR = YES;
				GCC_WARN_UNINITIALIZED_AUTOS = YES_AGGRESSIVE;
				GCC_WARN_UNUSED_FUNCTION = YES;
				GCC_WARN_UNUSED_VARIABLE = YES;
				IPHONEOS_DEPLOYMENT_TARGET = 10.1;
				MTL_ENABLE_DEBUG_INFO = YES;
				ONLY_ACTIVE_ARCH = YES;
				SDKROOT = iphoneos;
				TARGETED_DEVICE_FAMILY = "1,2";
			};
			name = Debug;
		};
		4E5E1E4E1F69278400D7C607 /* Release */ = {
			isa = XCBuildConfiguration;
			buildSettings = {
				ALWAYS_SEARCH_USER_PATHS = NO;
				CLANG_ANALYZER_NONNULL = YES;
				CLANG_CXX_LANGUAGE_STANDARD = "gnu++0x";
				CLANG_CXX_LIBRARY = "libc++";
				CLANG_ENABLE_MODULES = YES;
				CLANG_ENABLE_OBJC_ARC = YES;
				CLANG_WARN_BOOL_CONVERSION = YES;
				CLANG_WARN_CONSTANT_CONVERSION = YES;
				CLANG_WARN_DIRECT_OBJC_ISA_USAGE = YES_ERROR;
				CLANG_WARN_DOCUMENTATION_COMMENTS = YES;
				CLANG_WARN_EMPTY_BODY = YES;
				CLANG_WARN_ENUM_CONVERSION = YES;
				CLANG_WARN_INFINITE_RECURSION = YES;
				CLANG_WARN_INT_CONVERSION = YES;
				CLANG_WARN_OBJC_ROOT_CLASS = YES_ERROR;
				CLANG_WARN_SUSPICIOUS_MOVES = YES;
				CLANG_WARN_UNREACHABLE_CODE = YES;
				CLANG_WARN__DUPLICATE_METHOD_MATCH = YES;
				"CODE_SIGN_IDENTITY[sdk=iphoneos*]" = "iPhone Developer";
				COPY_PHASE_STRIP = NO;
				DEBUG_INFORMATION_FORMAT = "dwarf-with-dsym";
				ENABLE_NS_ASSERTIONS = NO;
				ENABLE_STRICT_OBJC_MSGSEND = YES;
				GCC_C_LANGUAGE_STANDARD = gnu99;
				GCC_NO_COMMON_BLOCKS = YES;
				GCC_WARN_64_TO_32_BIT_CONVERSION = YES;
				GCC_WARN_ABOUT_RETURN_TYPE = YES_ERROR;
				GCC_WARN_UNDECLARED_SELECTOR = YES;
				GCC_WARN_UNINITIALIZED_AUTOS = YES_AGGRESSIVE;
				GCC_WARN_UNUSED_FUNCTION = YES;
				GCC_WARN_UNUSED_VARIABLE = YES;
				IPHONEOS_DEPLOYMENT_TARGET = 10.1;
				MTL_ENABLE_DEBUG_INFO = NO;
				SDKROOT = iphoneos;
				TARGETED_DEVICE_FAMILY = "1,2";
				VALIDATE_PRODUCT = YES;
			};
			name = Release;
		};
		4E5E1E501F69278400D7C607 /* Debug */ = {
			isa = XCBuildConfiguration;
			buildSettings = {
				ASSETCATALOG_COMPILER_APPICON_NAME = AppIcon;
				INFOPLIST_FILE = PListAppOM/Info.plist;
				LD_RUNPATH_SEARCH_PATHS = "$(inherited) @executable_path/Frameworks";
				PRODUCT_BUNDLE_IDENTIFIER = GLBITM.PListAppOM;
				PRODUCT_NAME = "$(TARGET_NAME)";
			};
			name = Debug;
		};
		4E5E1E511F69278400D7C607 /* Release */ = {
			isa = XCBuildConfiguration;
			buildSettings = {
				ASSETCATALOG_COMPILER_APPICON_NAME = AppIcon;
				INFOPLIST_FILE = PListAppOM/Info.plist;
				LD_RUNPATH_SEARCH_PATHS = "$(inherited) @executable_path/Frameworks";
				PRODUCT_BUNDLE_IDENTIFIER = GLBITM.PListAppOM;
				PRODUCT_NAME = "$(TARGET_NAME)";
			};
			name = Release;
		};
		4E5E1E531F69278400D7C607 /* Debug */ = {
			isa = XCBuildConfiguration;
			buildSettings = {
				BUNDLE_LOADER = "$(TEST_HOST)";
				INFOPLIST_FILE = PListAppOMTests/Info.plist;
				LD_RUNPATH_SEARCH_PATHS = "$(inherited) @executable_path/Frameworks @loader_path/Frameworks";
				PRODUCT_BUNDLE_IDENTIFIER = GLBITM.PListAppOMTests;
				PRODUCT_NAME = "$(TARGET_NAME)";
				TEST_HOST = "$(BUILT_PRODUCTS_DIR)/PListAppOM.app/PListAppOM";
			};
			name = Debug;
		};
		4E5E1E541F69278400D7C607 /* Release */ = {
			isa = XCBuildConfiguration;
			buildSettings = {
				BUNDLE_LOADER = "$(TEST_HOST)";
				INFOPLIST_FILE = PListAppOMTests/Info.plist;
				LD_RUNPATH_SEARCH_PATHS = "$(inherited) @executable_path/Frameworks @loader_path/Frameworks";
				PRODUCT_BUNDLE_IDENTIFIER = GLBITM.PListAppOMTests;
				PRODUCT_NAME = "$(TARGET_NAME)";
				TEST_HOST = "$(BUILT_PRODUCTS_DIR)/PListAppOM.app/PListAppOM";
			};
			name = Release;
		};
		4E5E1E561F69278400D7C607 /* Debug */ = {
			isa = XCBuildConfiguration;
			buildSettings = {
				INFOPLIST_FILE = PListAppOMUITests/Info.plist;
				LD_RUNPATH_SEARCH_PATHS = "$(inherited) @executable_path/Frameworks @loader_path/Frameworks";
				PRODUCT_BUNDLE_IDENTIFIER = GLBITM.PListAppOMUITests;
				PRODUCT_NAME = "$(TARGET_NAME)";
				TEST_TARGET_NAME = PListAppOM;
			};
			name = Debug;
		};
		4E5E1E571F69278400D7C607 /* Release */ = {
			isa = XCBuildConfiguration;
			buildSettings = {
				INFOPLIST_FILE = PListAppOMUITests/Info.plist;
				LD_RUNPATH_SEARCH_PATHS = "$(inherited) @executable_path/Frameworks @loader_path/Frameworks";
				PRODUCT_BUNDLE_IDENTIFIER = GLBITM.PListAppOMUITests;
				PRODUCT_NAME = "$(TARGET_NAME)";
				TEST_TARGET_NAME = PListAppOM;
			};
			name = Release;
		};
/* End XCBuildConfiguration section */

/* Begin XCConfigurationList section */
		4E5E1E1D1F69278400D7C607 /* Build configuration list for PBXProject "PListAppOM" */ = {
			isa = XCConfigurationList;
			buildConfigurations = (
				4E5E1E4D1F69278400D7C607 /* Debug */,
				4E5E1E4E1F69278400D7C607 /* Release */,
			);
			defaultConfigurationIsVisible = 0;
			defaultConfigurationName = Release;
		};
		4E5E1E4F1F69278400D7C607 /* Build configuration list for PBXNativeTarget "PListAppOM" */ = {
			isa = XCConfigurationList;
			buildConfigurations = (
				4E5E1E501F69278400D7C607 /* Debug */,
				4E5E1E511F69278400D7C607 /* Release */,
			);
			defaultConfigurationIsVisible = 0;
		};
		4E5E1E521F69278400D7C607 /* Build configuration list for PBXNativeTarget "PListAppOMTests" */ = {
			isa = XCConfigurationList;
			buildConfigurations = (
				4E5E1E531F69278400D7C607 /* Debug */,
				4E5E1E541F69278400D7C607 /* Release */,
			);
			defaultConfigurationIsVisible = 0;
		};
		4E5E1E551F69278400D7C607 /* Build configuration list for PBXNativeTarget "PListAppOMUITests" */ = {
			isa = XCConfigurationList;
			buildConfigurations = (
				4E5E1E561F69278400D7C607 /* Debug */,
				4E5E1E571F69278400D7C607 /* Release */,
			);
			defaultConfigurationIsVisible = 0;
		};
/* End XCConfigurationList section */
	};
	rootObject = 4E5E1E1A1F69278400D7C607 /* Project object */;
}
